{
  "meteor": {
    "git": "https://github.com/meteor/meteor.git",
    "branch": "master",
    "commit": "4d98d8cb4e5a95e9e98953f44c872c9332a042a3"
  },
  "dependencies": {
    "basePackages": {
      "mini-pages": {}
    },
    "packages": {
      "mini-pages": {
        "git": "https://github.com/cmather/meteor-mini-pages.git",
        "tag": "v0.2.2",
        "commit": "968bb1ae6ff1a9c564f218f9cf46e7b8149792da"
      },
      "page-js": {
        "git": "https://github.com/tmeasday/meteor-page-js.git",
        "tag": "v1.3.3",
        "commit": "c1e9832af3fc2b2f5139a16d93a82ca6fa0655da"
      }
    }
  }
}
